
Microsoft Visual Studio Solution File, Format Version 12.00
# Visual Studio Version 17
VisualStudioVersion = 17.5.002.0
MinimumVisualStudioVersion = 10.0.40219.1
Project("{9A19103F-16F7-4668-BE54-9A1E7A4F7556}") = "ShopRepositories", "ShopRepositories.csproj", "{E5E28AF3-3F94-4A90-B5A8-1C5F31667F4B}"
EndProject
Global
	GlobalSection(SolutionConfigurationPlatforms) = preSolution
		Debug|Any CPU = Debug|Any CPU
		Release|Any CPU = Release|Any CPU
	EndGlobalSection
	GlobalSection(ProjectConfigurationPlatforms) = postSolution
		{E5E28AF3-3F94-4A90-B5A8-1C5F31667F4B}.Debug|Any CPU.ActiveCfg = Debug|Any CPU
		{E5E28AF3-3F94-4A90-B5A8-1C5F31667F4B}.Debug|Any CPU.Build.0 = Debug|Any CPU
		{E5E28AF3-3F94-4A90-B5A8-1C5F31667F4B}.Release|Any CPU.ActiveCfg = Release|Any CPU
		{E5E28AF3-3F94-4A90-B5A8-1C5F31667F4B}.Release|Any CPU.Build.0 = Release|Any CPU
	EndGlobalSection
	GlobalSection(SolutionProperties) = preSolution
		HideSolutionNode = FALSE
	EndGlobalSection
	GlobalSection(ExtensibilityGlobals) = postSolution
		SolutionGuid = {CE788C25-5467-46FD-9181-869A91800561}
	EndGlobalSection
EndGlobal
