
Microsoft Visual Studio Solution File, Format Version 12.00
# Visual Studio Version 17
VisualStudioVersion = 17.0.31903.59
MinimumVisualStudioVersion = 10.0.40219.1
Project("{9A19103F-16F7-4668-BE54-9A1E7A4F7556}") = "MathLib", "..\StaticApp\MathLib\MathLib.csproj", "{4E0A1ACE-687B-4C3C-AD35-E3C3BCA21691}"
EndProject
Project("{FAE04EC0-301F-11D3-BF4B-00C04F79EFBC}") = "Circle", "Circle\Circle.csproj", "{17A0B8BF-63CD-4E27-AC37-09FFD54BAC76}"
EndProject
Project("{FAE04EC0-301F-11D3-BF4B-00C04F79EFBC}") = "CircleApi", "CircleApi\CircleApi.csproj", "{E0860EAB-8A6C-407E-BD13-58D139DB1340}"
EndProject
Global
	GlobalSection(SolutionConfigurationPlatforms) = preSolution
		Debug|Any CPU = Debug|Any CPU
		Release|Any CPU = Release|Any CPU
	EndGlobalSection
	GlobalSection(ProjectConfigurationPlatforms) = postSolution
		{4E0A1ACE-687B-4C3C-AD35-E3C3BCA21691}.Debug|Any CPU.ActiveCfg = Debug|Any CPU
		{4E0A1ACE-687B-4C3C-AD35-E3C3BCA21691}.Debug|Any CPU.Build.0 = Debug|Any CPU
		{4E0A1ACE-687B-4C3C-AD35-E3C3BCA21691}.Release|Any CPU.ActiveCfg = Release|Any CPU
		{4E0A1ACE-687B-4C3C-AD35-E3C3BCA21691}.Release|Any CPU.Build.0 = Release|Any CPU
		{17A0B8BF-63CD-4E27-AC37-09FFD54BAC76}.Debug|Any CPU.ActiveCfg = Debug|Any CPU
		{17A0B8BF-63CD-4E27-AC37-09FFD54BAC76}.Debug|Any CPU.Build.0 = Debug|Any CPU
		{17A0B8BF-63CD-4E27-AC37-09FFD54BAC76}.Release|Any CPU.ActiveCfg = Release|Any CPU
		{17A0B8BF-63CD-4E27-AC37-09FFD54BAC76}.Release|Any CPU.Build.0 = Release|Any CPU
		{E0860EAB-8A6C-407E-BD13-58D139DB1340}.Debug|Any CPU.ActiveCfg = Debug|Any CPU
		{E0860EAB-8A6C-407E-BD13-58D139DB1340}.Debug|Any CPU.Build.0 = Debug|Any CPU
		{E0860EAB-8A6C-407E-BD13-58D139DB1340}.Release|Any CPU.ActiveCfg = Release|Any CPU
		{E0860EAB-8A6C-407E-BD13-58D139DB1340}.Release|Any CPU.Build.0 = Release|Any CPU
	EndGlobalSection
	GlobalSection(SolutionProperties) = preSolution
		HideSolutionNode = FALSE
	EndGlobalSection
	GlobalSection(ExtensibilityGlobals) = postSolution
		SolutionGuid = {340564D8-DFBC-424E-BDDE-E45A88E92E54}
	EndGlobalSection
EndGlobal
