
Microsoft Visual Studio Solution File, Format Version 12.00
# Visual Studio Version 17
VisualStudioVersion = 17.5.002.0
MinimumVisualStudioVersion = 10.0.40219.1
Project("{9A19103F-16F7-4668-BE54-9A1E7A4F7556}") = "demo1", "demo1.csproj", "{C6EFA5D8-71E5-4454-BDE5-924E8B7470D0}"
EndProject
Global
	GlobalSection(SolutionConfigurationPlatforms) = preSolution
		Debug|Any CPU = Debug|Any CPU
		Release|Any CPU = Release|Any CPU
	EndGlobalSection
	GlobalSection(ProjectConfigurationPlatforms) = postSolution
		{C6EFA5D8-71E5-4454-BDE5-924E8B7470D0}.Debug|Any CPU.ActiveCfg = Debug|Any CPU
		{C6EFA5D8-71E5-4454-BDE5-924E8B7470D0}.Debug|Any CPU.Build.0 = Debug|Any CPU
		{C6EFA5D8-71E5-4454-BDE5-924E8B7470D0}.Release|Any CPU.ActiveCfg = Release|Any CPU
		{C6EFA5D8-71E5-4454-BDE5-924E8B7470D0}.Release|Any CPU.Build.0 = Release|Any CPU
	EndGlobalSection
	GlobalSection(SolutionProperties) = preSolution
		HideSolutionNode = FALSE
	EndGlobalSection
	GlobalSection(ExtensibilityGlobals) = postSolution
		SolutionGuid = {019024A4-9592-4623-9962-0DC891DD413B}
	EndGlobalSection
EndGlobal
