
Microsoft Visual Studio Solution File, Format Version 12.00
# Visual Studio Version 17
VisualStudioVersion = 17.0.31903.59
MinimumVisualStudioVersion = 10.0.40219.1
Project("{FAE04EC0-301F-11D3-BF4B-00C04F79EFBC}") = "ShopApi", "ShopApi\ShopApi.csproj", "{D4FD6060-FA00-4A34-9D18-45D829418CB0}"
EndProject
Project("{FAE04EC0-301F-11D3-BF4B-00C04F79EFBC}") = "ShopEntities", "ShopEntities\ShopEntities.csproj", "{9CB4CA24-C5E3-4360-AD0C-74C51F48C3DF}"
EndProject
Project("{FAE04EC0-301F-11D3-BF4B-00C04F79EFBC}") = "ShopRepositories", "ShopRepositories\ShopRepositories.csproj", "{62C6565B-56BD-4F76-864E-BC46868C744D}"
EndProject
Global
	GlobalSection(SolutionConfigurationPlatforms) = preSolution
		Debug|Any CPU = Debug|Any CPU
		Release|Any CPU = Release|Any CPU
	EndGlobalSection
	GlobalSection(SolutionProperties) = preSolution
		HideSolutionNode = FALSE
	EndGlobalSection
	GlobalSection(ProjectConfigurationPlatforms) = postSolution
		{D4FD6060-FA00-4A34-9D18-45D829418CB0}.Debug|Any CPU.ActiveCfg = Debug|Any CPU
		{D4FD6060-FA00-4A34-9D18-45D829418CB0}.Debug|Any CPU.Build.0 = Debug|Any CPU
		{D4FD6060-FA00-4A34-9D18-45D829418CB0}.Release|Any CPU.ActiveCfg = Release|Any CPU
		{D4FD6060-FA00-4A34-9D18-45D829418CB0}.Release|Any CPU.Build.0 = Release|Any CPU
		{9CB4CA24-C5E3-4360-AD0C-74C51F48C3DF}.Debug|Any CPU.ActiveCfg = Debug|Any CPU
		{9CB4CA24-C5E3-4360-AD0C-74C51F48C3DF}.Debug|Any CPU.Build.0 = Debug|Any CPU
		{9CB4CA24-C5E3-4360-AD0C-74C51F48C3DF}.Release|Any CPU.ActiveCfg = Release|Any CPU
		{9CB4CA24-C5E3-4360-AD0C-74C51F48C3DF}.Release|Any CPU.Build.0 = Release|Any CPU
		{62C6565B-56BD-4F76-864E-BC46868C744D}.Debug|Any CPU.ActiveCfg = Debug|Any CPU
		{62C6565B-56BD-4F76-864E-BC46868C744D}.Debug|Any CPU.Build.0 = Debug|Any CPU
		{62C6565B-56BD-4F76-864E-BC46868C744D}.Release|Any CPU.ActiveCfg = Release|Any CPU
		{62C6565B-56BD-4F76-864E-BC46868C744D}.Release|Any CPU.Build.0 = Release|Any CPU
	EndGlobalSection
EndGlobal
