
Microsoft Visual Studio Solution File, Format Version 12.00
# Visual Studio Version 17
VisualStudioVersion = 17.5.002.0
MinimumVisualStudioVersion = 10.0.40219.1
Project("{9A19103F-16F7-4668-BE54-9A1E7A4F7556}") = "SortApp", "SortApp.csproj", "{690CD971-F20E-41C2-96E0-495F81F2520A}"
EndProject
Global
	GlobalSection(SolutionConfigurationPlatforms) = preSolution
		Debug|Any CPU = Debug|Any CPU
		Release|Any CPU = Release|Any CPU
	EndGlobalSection
	GlobalSection(ProjectConfigurationPlatforms) = postSolution
		{690CD971-F20E-41C2-96E0-495F81F2520A}.Debug|Any CPU.ActiveCfg = Debug|Any CPU
		{690CD971-F20E-41C2-96E0-495F81F2520A}.Debug|Any CPU.Build.0 = Debug|Any CPU
		{690CD971-F20E-41C2-96E0-495F81F2520A}.Release|Any CPU.ActiveCfg = Release|Any CPU
		{690CD971-F20E-41C2-96E0-495F81F2520A}.Release|Any CPU.Build.0 = Release|Any CPU
	EndGlobalSection
	GlobalSection(SolutionProperties) = preSolution
		HideSolutionNode = FALSE
	EndGlobalSection
	GlobalSection(ExtensibilityGlobals) = postSolution
		SolutionGuid = {09915A20-A3C5-4AED-A1A2-FFA141FFF9EF}
	EndGlobalSection
EndGlobal
